
Microsoft Visual Studio Solution File, Format Version 12.00
# Visual Studio Version 16
VisualStudioVersion = 16.0.30503.244
MinimumVisualStudioVersion = 10.0.40219.1
Project("{FAE04EC0-301F-11D3-BF4B-00C04F79EFBC}") = "TP4", "TP4\TP4.csproj", "{0E7A2004-FCDE-4926-92F7-8163175D8BDE}"
EndProject
Global
	GlobalSection(SolutionConfigurationPlatforms) = preSolution
		Debug|Any CPU = Debug|Any CPU
		Release|Any CPU = Release|Any CPU
	EndGlobalSection
	GlobalSection(ProjectConfigurationPlatforms) = postSolution
		{0E7A2004-FCDE-4926-92F7-8163175D8BDE}.Debug|Any CPU.ActiveCfg = Debug|Any CPU
		{0E7A2004-FCDE-4926-92F7-8163175D8BDE}.Debug|Any CPU.Build.0 = Debug|Any CPU
		{0E7A2004-FCDE-4926-92F7-8163175D8BDE}.Release|Any CPU.ActiveCfg = Release|Any CPU
		{0E7A2004-FCDE-4926-92F7-8163175D8BDE}.Release|Any CPU.Build.0 = Release|Any CPU
	EndGlobalSection
	GlobalSection(SolutionProperties) = preSolution
		HideSolutionNode = FALSE
	EndGlobalSection
	GlobalSection(ExtensibilityGlobals) = postSolution
		SolutionGuid = {43E4A4D2-0771-4C1D-BB0B-5190114E9AF1}
	EndGlobalSection
EndGlobal
